
Microsoft Visual Studio Solution File, Format Version 12.00
# Visual Studio Version 16
VisualStudioVersion = 16.0.30621.155
MinimumVisualStudioVersion = 10.0.40219.1
Project("{FAE04EC0-301F-11D3-BF4B-00C04F79EFBC}") = "Bank", "Bank\Bank.csproj", "{B6913340-7099-448B-9AA0-6E6F7B35AEF2}"
EndProject
Project("{FAE04EC0-301F-11D3-BF4B-00C04F79EFBC}") = "UnitTestBank", "UnitTestBank\UnitTestBank.csproj", "{012D5648-55CC-43FB-A567-58B9800114D1}"
EndProject
Global
	GlobalSection(SolutionConfigurationPlatforms) = preSolution
		Debug|Any CPU = Debug|Any CPU
		Release|Any CPU = Release|Any CPU
	EndGlobalSection
	GlobalSection(ProjectConfigurationPlatforms) = postSolution
		{B6913340-7099-448B-9AA0-6E6F7B35AEF2}.Debug|Any CPU.ActiveCfg = Debug|Any CPU
		{B6913340-7099-448B-9AA0-6E6F7B35AEF2}.Debug|Any CPU.Build.0 = Debug|Any CPU
		{B6913340-7099-448B-9AA0-6E6F7B35AEF2}.Release|Any CPU.ActiveCfg = Release|Any CPU
		{B6913340-7099-448B-9AA0-6E6F7B35AEF2}.Release|Any CPU.Build.0 = Release|Any CPU
		{012D5648-55CC-43FB-A567-58B9800114D1}.Debug|Any CPU.ActiveCfg = Debug|Any CPU
		{012D5648-55CC-43FB-A567-58B9800114D1}.Debug|Any CPU.Build.0 = Debug|Any CPU
		{012D5648-55CC-43FB-A567-58B9800114D1}.Release|Any CPU.ActiveCfg = Release|Any CPU
		{012D5648-55CC-43FB-A567-58B9800114D1}.Release|Any CPU.Build.0 = Release|Any CPU
	EndGlobalSection
	GlobalSection(SolutionProperties) = preSolution
		HideSolutionNode = FALSE
	EndGlobalSection
	GlobalSection(ExtensibilityGlobals) = postSolution
		SolutionGuid = {DA9DB688-752C-4EC1-A034-419D605854F3}
	EndGlobalSection
EndGlobal
